// !$*UTF8*$!
{
	archiveVersion = 1;
	classes = {
	};
	objectVersion = 56;
	objects = {

/* Begin PBXBuildFile section */
		175F12F42A9BE9AE00F6EC27 /* AppDelegate.swift in Sources */ = {isa = PBXBuildFile; fileRef = 175F12F32A9BE9AE00F6EC27 /* AppDelegate.swift */; };
		175F12F62A9BE9AE00F6EC27 /* SceneDelegate.swift in Sources */ = {isa = PBXBuildFile; fileRef = 175F12F52A9BE9AE00F6EC27 /* SceneDelegate.swift */; };
		175F12F82A9BE9AE00F6EC27 /* MainViewController.swift in Sources */ = {isa = PBXBuildFile; fileRef = 175F12F72A9BE9AE00F6EC27 /* MainViewController.swift */; };
		175F12FD2A9BE9AF00F6EC27 /* Assets.xcassets in Resources */ = {isa = PBXBuildFile; fileRef = 175F12FC2A9BE9AF00F6EC27 /* Assets.xcassets */; };
		175F13002A9BE9AF00F6EC27 /* LaunchScreen.storyboard in Resources */ = {isa = PBXBuildFile; fileRef = 175F12FE2A9BE9AF00F6EC27 /* LaunchScreen.storyboard */; };
		175F13112A9BEC7900F6EC27 /* Product.swift in Sources */ = {isa = PBXBuildFile; fileRef = 175F13102A9BEC7900F6EC27 /* Product.swift */; };
		175F13142A9BECC400F6EC27 /* DetailViewController.swift in Sources */ = {isa = PBXBuildFile; fileRef = 175F13132A9BECC400F6EC27 /* DetailViewController.swift */; };
		175F13162A9BEE1F00F6EC27 /* ShopService.swift in Sources */ = {isa = PBXBuildFile; fileRef = 175F13152A9BEE1F00F6EC27 /* ShopService.swift */; };
		175F13182A9BEE3800F6EC27 /* ShopRequest.swift in Sources */ = {isa = PBXBuildFile; fileRef = 175F13172A9BEE3800F6EC27 /* ShopRequest.swift */; };
		175F131A2A9BEEB100F6EC27 /* ShopEndpoint.swift in Sources */ = {isa = PBXBuildFile; fileRef = 175F13192A9BEEB100F6EC27 /* ShopEndpoint.swift */; };
		175F131C2A9C4E2C00F6EC27 /* ShopError.swift in Sources */ = {isa = PBXBuildFile; fileRef = 175F131B2A9C4E2C00F6EC27 /* ShopError.swift */; };
		175F131E2A9CA5B700F6EC27 /* GetAllProductsResponse.swift in Sources */ = {isa = PBXBuildFile; fileRef = 175F131D2A9CA5B700F6EC27 /* GetAllProductsResponse.swift */; };
		175F13202A9CA5F500F6EC27 /* DetailProduct.swift in Sources */ = {isa = PBXBuildFile; fileRef = 175F131F2A9CA5F500F6EC27 /* DetailProduct.swift */; };
		175F13242A9CA94200F6EC27 /* ProductListViewViewModel.swift in Sources */ = {isa = PBXBuildFile; fileRef = 175F13232A9CA94200F6EC27 /* ProductListViewViewModel.swift */; };
		175F13262A9CA9E000F6EC27 /* ProductListView.swift in Sources */ = {isa = PBXBuildFile; fileRef = 175F13252A9CA9E000F6EC27 /* ProductListView.swift */; };
		175F13292A9CAEF600F6EC27 /* ProductCollectionViewCell.swift in Sources */ = {isa = PBXBuildFile; fileRef = 175F13282A9CAEF600F6EC27 /* ProductCollectionViewCell.swift */; };
		175F132B2A9CF1E000F6EC27 /* CustomLabel.swift in Sources */ = {isa = PBXBuildFile; fileRef = 175F132A2A9CF1E000F6EC27 /* CustomLabel.swift */; };
		175F132D2A9CF2A500F6EC27 /* ProductCollectionViewCellViewModel.swift in Sources */ = {isa = PBXBuildFile; fileRef = 175F132C2A9CF2A500F6EC27 /* ProductCollectionViewCellViewModel.swift */; };
		175F132F2A9D019F00F6EC27 /* ProductDetailView.swift in Sources */ = {isa = PBXBuildFile; fileRef = 175F132E2A9D019F00F6EC27 /* ProductDetailView.swift */; };
		175F13312A9D01C700F6EC27 /* ProductDetailViewViewModel.swift in Sources */ = {isa = PBXBuildFile; fileRef = 175F13302A9D01C700F6EC27 /* ProductDetailViewViewModel.swift */; };
		175F13332A9D0E5D00F6EC27 /* ImageManager.swift in Sources */ = {isa = PBXBuildFile; fileRef = 175F13322A9D0E5D00F6EC27 /* ImageManager.swift */; };
		175F13352A9DFCC800F6EC27 /* GetProductResponse.swift in Sources */ = {isa = PBXBuildFile; fileRef = 175F13342A9DFCC800F6EC27 /* GetProductResponse.swift */; };
		175F133B2A9E59A500F6EC27 /* ProductPhotoCollectionViewCell.swift in Sources */ = {isa = PBXBuildFile; fileRef = 175F133A2A9E59A500F6EC27 /* ProductPhotoCollectionViewCell.swift */; };
		175F133D2A9E59C800F6EC27 /* ProductInfoCollectionViewCell.swift in Sources */ = {isa = PBXBuildFile; fileRef = 175F133C2A9E59C800F6EC27 /* ProductInfoCollectionViewCell.swift */; };
		175F13412A9E5A6300F6EC27 /* ProductPhotoCollectionViewCellViewModel.swift in Sources */ = {isa = PBXBuildFile; fileRef = 175F13402A9E5A6300F6EC27 /* ProductPhotoCollectionViewCellViewModel.swift */; };
		175F13432A9E5A6C00F6EC27 /* ProductInfoCollectionViewCellViewModel.swift in Sources */ = {isa = PBXBuildFile; fileRef = 175F13422A9E5A6C00F6EC27 /* ProductInfoCollectionViewCellViewModel.swift */; };
		175F13452A9F54FC00F6EC27 /* ShopImageLoader.swift in Sources */ = {isa = PBXBuildFile; fileRef = 175F13442A9F54FC00F6EC27 /* ShopImageLoader.swift */; };
		17B86EE82AA0030C00867D7C /* SDWebImage in Frameworks */ = {isa = PBXBuildFile; productRef = 17B86EE72AA0030C00867D7C /* SDWebImage */; };
		17B86EEA2AA0030C00867D7C /* SDWebImageMapKit in Frameworks */ = {isa = PBXBuildFile; productRef = 17B86EE92AA0030C00867D7C /* SDWebImageMapKit */; };
/* End PBXBuildFile section */

/* Begin PBXFileReference section */
		175F12F02A9BE9AE00F6EC27 /* a.shop.app */ = {isa = PBXFileReference; explicitFileType = wrapper.application; includeInIndex = 0; path = a.shop.app; sourceTree = BUILT_PRODUCTS_DIR; };
		175F12F32A9BE9AE00F6EC27 /* AppDelegate.swift */ = {isa = PBXFileReference; lastKnownFileType = sourcecode.swift; path = AppDelegate.swift; sourceTree = "<group>"; };
		175F12F52A9BE9AE00F6EC27 /* SceneDelegate.swift */ = {isa = PBXFileReference; lastKnownFileType = sourcecode.swift; path = SceneDelegate.swift; sourceTree = "<group>"; };
		175F12F72A9BE9AE00F6EC27 /* MainViewController.swift */ = {isa = PBXFileReference; lastKnownFileType = sourcecode.swift; path = MainViewController.swift; sourceTree = "<group>"; };
		175F12FC2A9BE9AF00F6EC27 /* Assets.xcassets */ = {isa = PBXFileReference; lastKnownFileType = folder.assetcatalog; path = Assets.xcassets; sourceTree = "<group>"; };
		175F12FF2A9BE9AF00F6EC27 /* Base */ = {isa = PBXFileReference; lastKnownFileType = file.storyboard; name = Base; path = Base.lproj/LaunchScreen.storyboard; sourceTree = "<group>"; };
		175F13012A9BE9AF00F6EC27 /* Info.plist */ = {isa = PBXFileReference; lastKnownFileType = text.plist.xml; path = Info.plist; sourceTree = "<group>"; };
		175F13102A9BEC7900F6EC27 /* Product.swift */ = {isa = PBXFileReference; lastKnownFileType = sourcecode.swift; path = Product.swift; sourceTree = "<group>"; };
		175F13132A9BECC400F6EC27 /* DetailViewController.swift */ = {isa = PBXFileReference; lastKnownFileType = sourcecode.swift; path = DetailViewController.swift; sourceTree = "<group>"; };
		175F13152A9BEE1F00F6EC27 /* ShopService.swift */ = {isa = PBXFileReference; lastKnownFileType = sourcecode.swift; path = ShopService.swift; sourceTree = "<group>"; };
		175F13172A9BEE3800F6EC27 /* ShopRequest.swift */ = {isa = PBXFileReference; lastKnownFileType = sourcecode.swift; path = ShopRequest.swift; sourceTree = "<group>"; };
		175F13192A9BEEB100F6EC27 /* ShopEndpoint.swift */ = {isa = PBXFileReference; lastKnownFileType = sourcecode.swift; path = ShopEndpoint.swift; sourceTree = "<group>"; };
		175F131B2A9C4E2C00F6EC27 /* ShopError.swift */ = {isa = PBXFileReference; lastKnownFileType = sourcecode.swift; path = ShopError.swift; sourceTree = "<group>"; };
		175F131D2A9CA5B700F6EC27 /* GetAllProductsResponse.swift */ = {isa = PBXFileReference; lastKnownFileType = sourcecode.swift; path = GetAllProductsResponse.swift; sourceTree = "<group>"; };
		175F131F2A9CA5F500F6EC27 /* DetailProduct.swift */ = {isa = PBXFileReference; lastKnownFileType = sourcecode.swift; path = DetailProduct.swift; sourceTree = "<group>"; };
		175F13232A9CA94200F6EC27 /* ProductListViewViewModel.swift */ = {isa = PBXFileReference; lastKnownFileType = sourcecode.swift; path = ProductListViewViewModel.swift; sourceTree = "<group>"; };
		175F13252A9CA9E000F6EC27 /* ProductListView.swift */ = {isa = PBXFileReference; lastKnownFileType = sourcecode.swift; path = ProductListView.swift; sourceTree = "<group>"; };
		175F13282A9CAEF600F6EC27 /* ProductCollectionViewCell.swift */ = {isa = PBXFileReference; lastKnownFileType = sourcecode.swift; path = ProductCollectionViewCell.swift; sourceTree = "<group>"; };
		175F132A2A9CF1E000F6EC27 /* CustomLabel.swift */ = {isa = PBXFileReference; lastKnownFileType = sourcecode.swift; path = CustomLabel.swift; sourceTree = "<group>"; };
		175F132C2A9CF2A500F6EC27 /* ProductCollectionViewCellViewModel.swift */ = {isa = PBXFileReference; lastKnownFileType = sourcecode.swift; path = ProductCollectionViewCellViewModel.swift; sourceTree = "<group>"; };
		175F132E2A9D019F00F6EC27 /* ProductDetailView.swift */ = {isa = PBXFileReference; lastKnownFileType = sourcecode.swift; path = ProductDetailView.swift; sourceTree = "<group>"; };
		175F13302A9D01C700F6EC27 /* ProductDetailViewViewModel.swift */ = {isa = PBXFileReference; lastKnownFileType = sourcecode.swift; path = ProductDetailViewViewModel.swift; sourceTree = "<group>"; };
		175F13322A9D0E5D00F6EC27 /* ImageManager.swift */ = {isa = PBXFileReference; lastKnownFileType = sourcecode.swift; path = ImageManager.swift; sourceTree = "<group>"; };
		175F13342A9DFCC800F6EC27 /* GetProductResponse.swift */ = {isa = PBXFileReference; lastKnownFileType = sourcecode.swift; path = GetProductResponse.swift; sourceTree = "<group>"; };
		175F133A2A9E59A500F6EC27 /* ProductPhotoCollectionViewCell.swift */ = {isa = PBXFileReference; lastKnownFileType = sourcecode.swift; path = ProductPhotoCollectionViewCell.swift; sourceTree = "<group>"; };
		175F133C2A9E59C800F6EC27 /* ProductInfoCollectionViewCell.swift */ = {isa = PBXFileReference; lastKnownFileType = sourcecode.swift; path = ProductInfoCollectionViewCell.swift; sourceTree = "<group>"; };
		175F13402A9E5A6300F6EC27 /* ProductPhotoCollectionViewCellViewModel.swift */ = {isa = PBXFileReference; lastKnownFileType = sourcecode.swift; path = ProductPhotoCollectionViewCellViewModel.swift; sourceTree = "<group>"; };
		175F13422A9E5A6C00F6EC27 /* ProductInfoCollectionViewCellViewModel.swift */ = {isa = PBXFileReference; lastKnownFileType = sourcecode.swift; path = ProductInfoCollectionViewCellViewModel.swift; sourceTree = "<group>"; };
		175F13442A9F54FC00F6EC27 /* ShopImageLoader.swift */ = {isa = PBXFileReference; lastKnownFileType = sourcecode.swift; path = ShopImageLoader.swift; sourceTree = "<group>"; };
/* End PBXFileReference section */

/* Begin PBXFrameworksBuildPhase section */
		175F12ED2A9BE9AE00F6EC27 /* Frameworks */ = {
			isa = PBXFrameworksBuildPhase;
			buildActionMask = 2147483647;
			files = (
				17B86EEA2AA0030C00867D7C /* SDWebImageMapKit in Frameworks */,
				17B86EE82AA0030C00867D7C /* SDWebImage in Frameworks */,
			);
			runOnlyForDeploymentPostprocessing = 0;
		};
/* End PBXFrameworksBuildPhase section */

/* Begin PBXGroup section */
		175F12E72A9BE9AE00F6EC27 = {
			isa = PBXGroup;
			children = (
				175F12F22A9BE9AE00F6EC27 /* a.shop */,
				175F12F12A9BE9AE00F6EC27 /* Products */,
			);
			sourceTree = "<group>";
		};
		175F12F12A9BE9AE00F6EC27 /* Products */ = {
			isa = PBXGroup;
			children = (
				175F12F02A9BE9AE00F6EC27 /* a.shop.app */,
			);
			name = Products;
			sourceTree = "<group>";
		};
		175F12F22A9BE9AE00F6EC27 /* a.shop */ = {
			isa = PBXGroup;
			children = (
				175F130E2A9BEC1600F6EC27 /* App */,
				175F13092A9BEB5A00F6EC27 /* View */,
				175F130B2A9BEB6900F6EC27 /* ViewModels */,
				175F13072A9BEB4E00F6EC27 /* Controllers */,
				175F130A2A9BEB6300F6EC27 /* Models */,
				175F130C2A9BEB7000F6EC27 /* APIClient */,
				175F13082A9BEB5600F6EC27 /* Managers */,
				175F130D2A9BEBEA00F6EC27 /* Resources */,
				175F130F2A9BEC2000F6EC27 /* SupportingFiles */,
			);
			path = a.shop;
			sourceTree = "<group>";
		};
		175F13072A9BEB4E00F6EC27 /* Controllers */ = {
			isa = PBXGroup;
			children = (
				175F13122A9BECB100F6EC27 /* Core */,
			);
			path = Controllers;
			sourceTree = "<group>";
		};
		175F13082A9BEB5600F6EC27 /* Managers */ = {
			isa = PBXGroup;
			children = (
				175F13322A9D0E5D00F6EC27 /* ImageManager.swift */,
				175F13442A9F54FC00F6EC27 /* ShopImageLoader.swift */,
			);
			path = Managers;
			sourceTree = "<group>";
		};
		175F13092A9BEB5A00F6EC27 /* View */ = {
			isa = PBXGroup;
			children = (
				175F13372A9E595500F6EC27 /* Products */,
				175F13362A9E594800F6EC27 /* ProductDetail */,
				175F13382A9E596D00F6EC27 /* CustomView */,
			);
			path = View;
			sourceTree = "<group>";
		};
		175F130A2A9BEB6300F6EC27 /* Models */ = {
			isa = PBXGroup;
			children = (
				175F13212A9CA8CD00F6EC27 /* APIResponseType */,
				175F13222A9CA8D500F6EC27 /* DataTypes */,
			);
			path = Models;
			sourceTree = "<group>";
		};
		175F130B2A9BEB6900F6EC27 /* ViewModels */ = {
			isa = PBXGroup;
			children = (
				175F133F2A9E5A0100F6EC27 /* ProductDetail */,
				175F133E2A9E59E700F6EC27 /* Products */,
			);
			path = ViewModels;
			sourceTree = "<group>";
		};
		175F130C2A9BEB7000F6EC27 /* APIClient */ = {
			isa = PBXGroup;
			children = (
				175F13152A9BEE1F00F6EC27 /* ShopService.swift */,
				175F13172A9BEE3800F6EC27 /* ShopRequest.swift */,
				175F13192A9BEEB100F6EC27 /* ShopEndpoint.swift */,
				175F131B2A9C4E2C00F6EC27 /* ShopError.swift */,
			);
			path = APIClient;
			sourceTree = "<group>";
		};
		175F130D2A9BEBEA00F6EC27 /* Resources */ = {
			isa = PBXGroup;
			children = (
				175F12FC2A9BE9AF00F6EC27 /* Assets.xcassets */,
			);
			path = Resources;
			sourceTree = "<group>";
		};
		175F130E2A9BEC1600F6EC27 /* App */ = {
			isa = PBXGroup;
			children = (
				175F12F32A9BE9AE00F6EC27 /* AppDelegate.swift */,
				175F12F52A9BE9AE00F6EC27 /* SceneDelegate.swift */,
			);
			path = App;
			sourceTree = "<group>";
		};
		175F130F2A9BEC2000F6EC27 /* SupportingFiles */ = {
			isa = PBXGroup;
			children = (
				175F12FE2A9BE9AF00F6EC27 /* LaunchScreen.storyboard */,
				175F13012A9BE9AF00F6EC27 /* Info.plist */,
			);
			path = SupportingFiles;
			sourceTree = "<group>";
		};
		175F13122A9BECB100F6EC27 /* Core */ = {
			isa = PBXGroup;
			children = (
				175F12F72A9BE9AE00F6EC27 /* MainViewController.swift */,
				175F13132A9BECC400F6EC27 /* DetailViewController.swift */,
			);
			path = Core;
			sourceTree = "<group>";
		};
		175F13212A9CA8CD00F6EC27 /* APIResponseType */ = {
			isa = PBXGroup;
			children = (
				175F131D2A9CA5B700F6EC27 /* GetAllProductsResponse.swift */,
				175F13342A9DFCC800F6EC27 /* GetProductResponse.swift */,
			);
			path = APIResponseType;
			sourceTree = "<group>";
		};
		175F13222A9CA8D500F6EC27 /* DataTypes */ = {
			isa = PBXGroup;
			children = (
				175F13102A9BEC7900F6EC27 /* Product.swift */,
				175F131F2A9CA5F500F6EC27 /* DetailProduct.swift */,
			);
			path = DataTypes;
			sourceTree = "<group>";
		};
		175F13272A9CAEEC00F6EC27 /* Cells */ = {
			isa = PBXGroup;
			children = (
				175F13282A9CAEF600F6EC27 /* ProductCollectionViewCell.swift */,
			);
			path = Cells;
			sourceTree = "<group>";
		};
		175F13362A9E594800F6EC27 /* ProductDetail */ = {
			isa = PBXGroup;
			children = (
				175F13392A9E599100F6EC27 /* Cells */,
				175F132E2A9D019F00F6EC27 /* ProductDetailView.swift */,
			);
			path = ProductDetail;
			sourceTree = "<group>";
		};
		175F13372A9E595500F6EC27 /* Products */ = {
			isa = PBXGroup;
			children = (
				175F13272A9CAEEC00F6EC27 /* Cells */,
				175F13252A9CA9E000F6EC27 /* ProductListView.swift */,
			);
			path = Products;
			sourceTree = "<group>";
		};
		175F13382A9E596D00F6EC27 /* CustomView */ = {
			isa = PBXGroup;
			children = (
				175F132A2A9CF1E000F6EC27 /* CustomLabel.swift */,
			);
			path = CustomView;
			sourceTree = "<group>";
		};
		175F13392A9E599100F6EC27 /* Cells */ = {
			isa = PBXGroup;
			children = (
				175F133A2A9E59A500F6EC27 /* ProductPhotoCollectionViewCell.swift */,
				175F133C2A9E59C800F6EC27 /* ProductInfoCollectionViewCell.swift */,
			);
			path = Cells;
			sourceTree = "<group>";
		};
		175F133E2A9E59E700F6EC27 /* Products */ = {
			isa = PBXGroup;
			children = (
				175F132C2A9CF2A500F6EC27 /* ProductCollectionViewCellViewModel.swift */,
				175F13232A9CA94200F6EC27 /* ProductListViewViewModel.swift */,
			);
			path = Products;
			sourceTree = "<group>";
		};
		175F133F2A9E5A0100F6EC27 /* ProductDetail */ = {
			isa = PBXGroup;
			children = (
				175F13302A9D01C700F6EC27 /* ProductDetailViewViewModel.swift */,
				175F13402A9E5A6300F6EC27 /* ProductPhotoCollectionViewCellViewModel.swift */,
				175F13422A9E5A6C00F6EC27 /* ProductInfoCollectionViewCellViewModel.swift */,
			);
			path = ProductDetail;
			sourceTree = "<group>";
		};
/* End PBXGroup section */

/* Begin PBXNativeTarget section */
		175F12EF2A9BE9AE00F6EC27 /* a.shop */ = {
			isa = PBXNativeTarget;
			buildConfigurationList = 175F13042A9BE9AF00F6EC27 /* Build configuration list for PBXNativeTarget "a.shop" */;
			buildPhases = (
				175F12EC2A9BE9AE00F6EC27 /* Sources */,
				175F12ED2A9BE9AE00F6EC27 /* Frameworks */,
				175F12EE2A9BE9AE00F6EC27 /* Resources */,
			);
			buildRules = (
			);
			dependencies = (
			);
			name = a.shop;
			packageProductDependencies = (
				17B86EE72AA0030C00867D7C /* SDWebImage */,
				17B86EE92AA0030C00867D7C /* SDWebImageMapKit */,
			);
			productName = a.shop;
			productReference = 175F12F02A9BE9AE00F6EC27 /* a.shop.app */;
			productType = "com.apple.product-type.application";
		};
/* End PBXNativeTarget section */

/* Begin PBXProject section */
		175F12E82A9BE9AE00F6EC27 /* Project object */ = {
			isa = PBXProject;
			attributes = {
				BuildIndependentTargetsInParallel = 1;
				LastSwiftUpdateCheck = 1430;
				LastUpgradeCheck = 1430;
				TargetAttributes = {
					175F12EF2A9BE9AE00F6EC27 = {
						CreatedOnToolsVersion = 14.3.1;
					};
				};
			};
			buildConfigurationList = 175F12EB2A9BE9AE00F6EC27 /* Build configuration list for PBXProject "a.shop" */;
			compatibilityVersion = "Xcode 14.0";
			developmentRegion = en;
			hasScannedForEncodings = 0;
			knownRegions = (
				en,
				Base,
			);
			mainGroup = 175F12E72A9BE9AE00F6EC27;
			packageReferences = (
				17B86EE62AA0030C00867D7C /* XCRemoteSwiftPackageReference "SDWebImage" */,
			);
			productRefGroup = 175F12F12A9BE9AE00F6EC27 /* Products */;
			projectDirPath = "";
			projectRoot = "";
			targets = (
				175F12EF2A9BE9AE00F6EC27 /* a.shop */,
			);
		};
/* End PBXProject section */

/* Begin PBXResourcesBuildPhase section */
		175F12EE2A9BE9AE00F6EC27 /* Resources */ = {
			isa = PBXResourcesBuildPhase;
			buildActionMask = 2147483647;
			files = (
				175F13002A9BE9AF00F6EC27 /* LaunchScreen.storyboard in Resources */,
				175F12FD2A9BE9AF00F6EC27 /* Assets.xcassets in Resources */,
			);
			runOnlyForDeploymentPostprocessing = 0;
		};
/* End PBXResourcesBuildPhase section */

/* Begin PBXSourcesBuildPhase section */
		175F12EC2A9BE9AE00F6EC27 /* Sources */ = {
			isa = PBXSourcesBuildPhase;
			buildActionMask = 2147483647;
			files = (
				175F131C2A9C4E2C00F6EC27 /* ShopError.swift in Sources */,
				175F132B2A9CF1E000F6EC27 /* CustomLabel.swift in Sources */,
				175F13332A9D0E5D00F6EC27 /* ImageManager.swift in Sources */,
				175F131E2A9CA5B700F6EC27 /* GetAllProductsResponse.swift in Sources */,
				175F132F2A9D019F00F6EC27 /* ProductDetailView.swift in Sources */,
				175F13292A9CAEF600F6EC27 /* ProductCollectionViewCell.swift in Sources */,
				175F13242A9CA94200F6EC27 /* ProductListViewViewModel.swift in Sources */,
				175F133B2A9E59A500F6EC27 /* ProductPhotoCollectionViewCell.swift in Sources */,
				175F131A2A9BEEB100F6EC27 /* ShopEndpoint.swift in Sources */,
				175F13202A9CA5F500F6EC27 /* DetailProduct.swift in Sources */,
				175F13452A9F54FC00F6EC27 /* ShopImageLoader.swift in Sources */,
				175F13312A9D01C700F6EC27 /* ProductDetailViewViewModel.swift in Sources */,
				175F132D2A9CF2A500F6EC27 /* ProductCollectionViewCellViewModel.swift in Sources */,
				175F12F82A9BE9AE00F6EC27 /* MainViewController.swift in Sources */,
				175F13112A9BEC7900F6EC27 /* Product.swift in Sources */,
				175F13142A9BECC400F6EC27 /* DetailViewController.swift in Sources */,
				175F13432A9E5A6C00F6EC27 /* ProductInfoCollectionViewCellViewModel.swift in Sources */,
				175F13182A9BEE3800F6EC27 /* ShopRequest.swift in Sources */,
				175F133D2A9E59C800F6EC27 /* ProductInfoCollectionViewCell.swift in Sources */,
				175F13352A9DFCC800F6EC27 /* GetProductResponse.swift in Sources */,
				175F13262A9CA9E000F6EC27 /* ProductListView.swift in Sources */,
				175F13412A9E5A6300F6EC27 /* ProductPhotoCollectionViewCellViewModel.swift in Sources */,
				175F12F42A9BE9AE00F6EC27 /* AppDelegate.swift in Sources */,
				175F12F62A9BE9AE00F6EC27 /* SceneDelegate.swift in Sources */,
				175F13162A9BEE1F00F6EC27 /* ShopService.swift in Sources */,
			);
			runOnlyForDeploymentPostprocessing = 0;
		};
/* End PBXSourcesBuildPhase section */

/* Begin PBXVariantGroup section */
		175F12FE2A9BE9AF00F6EC27 /* LaunchScreen.storyboard */ = {
			isa = PBXVariantGroup;
			children = (
				175F12FF2A9BE9AF00F6EC27 /* Base */,
			);
			name = LaunchScreen.storyboard;
			sourceTree = "<group>";
		};
/* End PBXVariantGroup section */

/* Begin XCBuildConfiguration section */
		175F13022A9BE9AF00F6EC27 /* Debug */ = {
			isa = XCBuildConfiguration;
			buildSettings = {
				ALWAYS_SEARCH_USER_PATHS = NO;
				CLANG_ANALYZER_NONNULL = YES;
				CLANG_ANALYZER_NUMBER_OBJECT_CONVERSION = YES_AGGRESSIVE;
				CLANG_CXX_LANGUAGE_STANDARD = "gnu++20";
				CLANG_ENABLE_MODULES = YES;
				CLANG_ENABLE_OBJC_ARC = YES;
				CLANG_ENABLE_OBJC_WEAK = YES;
				CLANG_WARN_BLOCK_CAPTURE_AUTORELEASING = YES;
				CLANG_WARN_BOOL_CONVERSION = YES;
				CLANG_WARN_COMMA = YES;
				CLANG_WARN_CONSTANT_CONVERSION = YES;
				CLANG_WARN_DEPRECATED_OBJC_IMPLEMENTATIONS = YES;
				CLANG_WARN_DIRECT_OBJC_ISA_USAGE = YES_ERROR;
				CLANG_WARN_DOCUMENTATION_COMMENTS = YES;
				CLANG_WARN_EMPTY_BODY = YES;
				CLANG_WARN_ENUM_CONVERSION = YES;
				CLANG_WARN_INFINITE_RECURSION = YES;
				CLANG_WARN_INT_CONVERSION = YES;
				CLANG_WARN_NON_LITERAL_NULL_CONVERSION = YES;
				CLANG_WARN_OBJC_IMPLICIT_RETAIN_SELF = YES;
				CLANG_WARN_OBJC_LITERAL_CONVERSION = YES;
				CLANG_WARN_OBJC_ROOT_CLASS = YES_ERROR;
				CLANG_WARN_QUOTED_INCLUDE_IN_FRAMEWORK_HEADER = YES;
				CLANG_WARN_RANGE_LOOP_ANALYSIS = YES;
				CLANG_WARN_STRICT_PROTOTYPES = YES;
				CLANG_WARN_SUSPICIOUS_MOVE = YES;
				CLANG_WARN_UNGUARDED_AVAILABILITY = YES_AGGRESSIVE;
				CLANG_WARN_UNREACHABLE_CODE = YES;
				CLANG_WARN__DUPLICATE_METHOD_MATCH = YES;
				COPY_PHASE_STRIP = NO;
				DEBUG_INFORMATION_FORMAT = dwarf;
				ENABLE_STRICT_OBJC_MSGSEND = YES;
				ENABLE_TESTABILITY = YES;
				GCC_C_LANGUAGE_STANDARD = gnu11;
				GCC_DYNAMIC_NO_PIC = NO;
				GCC_NO_COMMON_BLOCKS = YES;
				GCC_OPTIMIZATION_LEVEL = 0;
				GCC_PREPROCESSOR_DEFINITIONS = (
					"DEBUG=1",
					"$(inherited)",
				);
				GCC_WARN_64_TO_32_BIT_CONVERSION = YES;
				GCC_WARN_ABOUT_RETURN_TYPE = YES_ERROR;
				GCC_WARN_UNDECLARED_SELECTOR = YES;
				GCC_WARN_UNINITIALIZED_AUTOS = YES_AGGRESSIVE;
				GCC_WARN_UNUSED_FUNCTION = YES;
				GCC_WARN_UNUSED_VARIABLE = YES;
				IPHONEOS_DEPLOYMENT_TARGET = 16.4;
				MTL_ENABLE_DEBUG_INFO = INCLUDE_SOURCE;
				MTL_FAST_MATH = YES;
				ONLY_ACTIVE_ARCH = YES;
				SDKROOT = iphoneos;
				SWIFT_ACTIVE_COMPILATION_CONDITIONS = DEBUG;
				SWIFT_OPTIMIZATION_LEVEL = "-Onone";
			};
			name = Debug;
		};
		175F13032A9BE9AF00F6EC27 /* Release */ = {
			isa = XCBuildConfiguration;
			buildSettings = {
				ALWAYS_SEARCH_USER_PATHS = NO;
				CLANG_ANALYZER_NONNULL = YES;
				CLANG_ANALYZER_NUMBER_OBJECT_CONVERSION = YES_AGGRESSIVE;
				CLANG_CXX_LANGUAGE_STANDARD = "gnu++20";
				CLANG_ENABLE_MODULES = YES;
				CLANG_ENABLE_OBJC_ARC = YES;
				CLANG_ENABLE_OBJC_WEAK = YES;
				CLANG_WARN_BLOCK_CAPTURE_AUTORELEASING = YES;
				CLANG_WARN_BOOL_CONVERSION = YES;
				CLANG_WARN_COMMA = YES;
				CLANG_WARN_CONSTANT_CONVERSION = YES;
				CLANG_WARN_DEPRECATED_OBJC_IMPLEMENTATIONS = YES;
				CLANG_WARN_DIRECT_OBJC_ISA_USAGE = YES_ERROR;
				CLANG_WARN_DOCUMENTATION_COMMENTS = YES;
				CLANG_WARN_EMPTY_BODY = YES;
				CLANG_WARN_ENUM_CONVERSION = YES;
				CLANG_WARN_INFINITE_RECURSION = YES;
				CLANG_WARN_INT_CONVERSION = YES;
				CLANG_WARN_NON_LITERAL_NULL_CONVERSION = YES;
				CLANG_WARN_OBJC_IMPLICIT_RETAIN_SELF = YES;
				CLANG_WARN_OBJC_LITERAL_CONVERSION = YES;
				CLANG_WARN_OBJC_ROOT_CLASS = YES_ERROR;
				CLANG_WARN_QUOTED_INCLUDE_IN_FRAMEWORK_HEADER = YES;
				CLANG_WARN_RANGE_LOOP_ANALYSIS = YES;
				CLANG_WARN_STRICT_PROTOTYPES = YES;
				CLANG_WARN_SUSPICIOUS_MOVE = YES;
				CLANG_WARN_UNGUARDED_AVAILABILITY = YES_AGGRESSIVE;
				CLANG_WARN_UNREACHABLE_CODE = YES;
				CLANG_WARN__DUPLICATE_METHOD_MATCH = YES;
				COPY_PHASE_STRIP = NO;
				DEBUG_INFORMATION_FORMAT = "dwarf-with-dsym";
				ENABLE_NS_ASSERTIONS = NO;
				ENABLE_STRICT_OBJC_MSGSEND = YES;
				GCC_C_LANGUAGE_STANDARD = gnu11;
				GCC_NO_COMMON_BLOCKS = YES;
				GCC_WARN_64_TO_32_BIT_CONVERSION = YES;
				GCC_WARN_ABOUT_RETURN_TYPE = YES_ERROR;
				GCC_WARN_UNDECLARED_SELECTOR = YES;
				GCC_WARN_UNINITIALIZED_AUTOS = YES_AGGRESSIVE;
				GCC_WARN_UNUSED_FUNCTION = YES;
				GCC_WARN_UNUSED_VARIABLE = YES;
				IPHONEOS_DEPLOYMENT_TARGET = 16.4;
				MTL_ENABLE_DEBUG_INFO = NO;
				MTL_FAST_MATH = YES;
				SDKROOT = iphoneos;
				SWIFT_COMPILATION_MODE = wholemodule;
				SWIFT_OPTIMIZATION_LEVEL = "-O";
				VALIDATE_PRODUCT = YES;
			};
			name = Release;
		};
		175F13052A9BE9AF00F6EC27 /* Debug */ = {
			isa = XCBuildConfiguration;
			buildSettings = {
				ASSETCATALOG_COMPILER_APPICON_NAME = AppIcon;
				ASSETCATALOG_COMPILER_GLOBAL_ACCENT_COLOR_NAME = AccentColor;
				CODE_SIGN_STYLE = Automatic;
				CURRENT_PROJECT_VERSION = 1;
				DEVELOPMENT_TEAM = 6CZNS4ZZ97;
				GENERATE_INFOPLIST_FILE = YES;
				INFOPLIST_FILE = a.shop/SupportingFiles/Info.plist;
				INFOPLIST_KEY_UIApplicationSupportsIndirectInputEvents = YES;
				INFOPLIST_KEY_UILaunchStoryboardName = LaunchScreen;
				INFOPLIST_KEY_UISupportedInterfaceOrientations_iPad = "UIInterfaceOrientationPortrait UIInterfaceOrientationPortraitUpsideDown UIInterfaceOrientationLandscapeLeft UIInterfaceOrientationLandscapeRight";
				INFOPLIST_KEY_UISupportedInterfaceOrientations_iPhone = "UIInterfaceOrientationPortrait UIInterfaceOrientationLandscapeLeft UIInterfaceOrientationLandscapeRight";
				LD_RUNPATH_SEARCH_PATHS = (
					"$(inherited)",
					"@executable_path/Frameworks",
				);
				MARKETING_VERSION = 1.0;
				PRODUCT_BUNDLE_IDENTIFIER = "salakhoff.a-shop";
				PRODUCT_NAME = "$(TARGET_NAME)";
				SWIFT_EMIT_LOC_STRINGS = YES;
				SWIFT_VERSION = 5.0;
				TARGETED_DEVICE_FAMILY = "1,2";
			};
			name = Debug;
		};
		175F13062A9BE9AF00F6EC27 /* Release */ = {
			isa = XCBuildConfiguration;
			buildSettings = {
				ASSETCATALOG_COMPILER_APPICON_NAME = AppIcon;
				ASSETCATALOG_COMPILER_GLOBAL_ACCENT_COLOR_NAME = AccentColor;
				CODE_SIGN_STYLE = Automatic;
				CURRENT_PROJECT_VERSION = 1;
				DEVELOPMENT_TEAM = 6CZNS4ZZ97;
				GENERATE_INFOPLIST_FILE = YES;
				INFOPLIST_FILE = a.shop/SupportingFiles/Info.plist;
				INFOPLIST_KEY_UIApplicationSupportsIndirectInputEvents = YES;
				INFOPLIST_KEY_UILaunchStoryboardName = LaunchScreen;
				INFOPLIST_KEY_UISupportedInterfaceOrientations_iPad = "UIInterfaceOrientationPortrait UIInterfaceOrientationPortraitUpsideDown UIInterfaceOrientationLandscapeLeft UIInterfaceOrientationLandscapeRight";
				INFOPLIST_KEY_UISupportedInterfaceOrientations_iPhone = "UIInterfaceOrientationPortrait UIInterfaceOrientationLandscapeLeft UIInterfaceOrientationLandscapeRight";
				LD_RUNPATH_SEARCH_PATHS = (
					"$(inherited)",
					"@executable_path/Frameworks",
				);
				MARKETING_VERSION = 1.0;
				PRODUCT_BUNDLE_IDENTIFIER = "salakhoff.a-shop";
				PRODUCT_NAME = "$(TARGET_NAME)";
				SWIFT_EMIT_LOC_STRINGS = YES;
				SWIFT_VERSION = 5.0;
				TARGETED_DEVICE_FAMILY = "1,2";
			};
			name = Release;
		};
/* End XCBuildConfiguration section */

/* Begin XCConfigurationList section */
		175F12EB2A9BE9AE00F6EC27 /* Build configuration list for PBXProject "a.shop" */ = {
			isa = XCConfigurationList;
			buildConfigurations = (
				175F13022A9BE9AF00F6EC27 /* Debug */,
				175F13032A9BE9AF00F6EC27 /* Release */,
			);
			defaultConfigurationIsVisible = 0;
			defaultConfigurationName = Release;
		};
		175F13042A9BE9AF00F6EC27 /* Build configuration list for PBXNativeTarget "a.shop" */ = {
			isa = XCConfigurationList;
			buildConfigurations = (
				175F13052A9BE9AF00F6EC27 /* Debug */,
				175F13062A9BE9AF00F6EC27 /* Release */,
			);
			defaultConfigurationIsVisible = 0;
			defaultConfigurationName = Release;
		};
/* End XCConfigurationList section */

/* Begin XCRemoteSwiftPackageReference section */
		17B86EE62AA0030C00867D7C /* XCRemoteSwiftPackageReference "SDWebImage" */ = {
			isa = XCRemoteSwiftPackageReference;
			repositoryURL = "https://github.com/SDWebImage/SDWebImage";
			requirement = {
				kind = upToNextMajorVersion;
				minimumVersion = 5.0.0;
			};
		};
/* End XCRemoteSwiftPackageReference section */

/* Begin XCSwiftPackageProductDependency section */
		17B86EE72AA0030C00867D7C /* SDWebImage */ = {
			isa = XCSwiftPackageProductDependency;
			package = 17B86EE62AA0030C00867D7C /* XCRemoteSwiftPackageReference "SDWebImage" */;
			productName = SDWebImage;
		};
		17B86EE92AA0030C00867D7C /* SDWebImageMapKit */ = {
			isa = XCSwiftPackageProductDependency;
			package = 17B86EE62AA0030C00867D7C /* XCRemoteSwiftPackageReference "SDWebImage" */;
			productName = SDWebImageMapKit;
		};
/* End XCSwiftPackageProductDependency section */
	};
	rootObject = 175F12E82A9BE9AE00F6EC27 /* Project object */;
}
